
Microsoft Visual Studio Solution File, Format Version 12.00
# Visual Studio Version 17
VisualStudioVersion = 17.1.32210.238
MinimumVisualStudioVersion = 10.0.40219.1
Project("{FAE04EC0-301F-11D3-BF4B-00C04F79EFBC}") = "DataTransfer", "DataTransfer.csproj", "{4B96EFA3-8D0B-45FA-9527-3BA1AE851C7D}"
EndProject
Global
	GlobalSection(SolutionConfigurationPlatforms) = preSolution
		Debug|Any CPU = Debug|Any CPU
		Release|Any CPU = Release|Any CPU
	EndGlobalSection
	GlobalSection(ProjectConfigurationPlatforms) = postSolution
		{4B96EFA3-8D0B-45FA-9527-3BA1AE851C7D}.Debug|Any CPU.ActiveCfg = Debug|Any CPU
		{4B96EFA3-8D0B-45FA-9527-3BA1AE851C7D}.Debug|Any CPU.Build.0 = Debug|Any CPU
		{4B96EFA3-8D0B-45FA-9527-3BA1AE851C7D}.Release|Any CPU.ActiveCfg = Release|Any CPU
		{4B96EFA3-8D0B-45FA-9527-3BA1AE851C7D}.Release|Any CPU.Build.0 = Release|Any CPU
	EndGlobalSection
	GlobalSection(SolutionProperties) = preSolution
		HideSolutionNode = FALSE
	EndGlobalSection
	GlobalSection(ExtensibilityGlobals) = postSolution
		SolutionGuid = {311D2F1D-37F4-4490-85C5-5C6E2FA09239}
	EndGlobalSection
EndGlobal
